
Microsoft Visual Studio Solution File, Format Version 12.00
# Visual Studio 15
VisualStudioVersion = 15.0.28307.102
MinimumVisualStudioVersion = 10.0.40219.1
Project("{9A19103F-16F7-4668-BE54-9A1E7A4F7556}") = "iEdonNetPortal", "iEdonNetPortal\iEdonNetPortal.csproj", "{3D296ECD-77EE-4E71-9985-E61259C217B2}"
EndProject
Global
	GlobalSection(SolutionConfigurationPlatforms) = preSolution
		Debug|Any CPU = Debug|Any CPU
		Release|Any CPU = Release|Any CPU
	EndGlobalSection
	GlobalSection(ProjectConfigurationPlatforms) = postSolution
		{3D296ECD-77EE-4E71-9985-E61259C217B2}.Debug|Any CPU.ActiveCfg = Debug|Any CPU
		{3D296ECD-77EE-4E71-9985-E61259C217B2}.Debug|Any CPU.Build.0 = Debug|Any CPU
		{3D296ECD-77EE-4E71-9985-E61259C217B2}.Release|Any CPU.ActiveCfg = Release|Any CPU
		{3D296ECD-77EE-4E71-9985-E61259C217B2}.Release|Any CPU.Build.0 = Release|Any CPU
	EndGlobalSection
	GlobalSection(SolutionProperties) = preSolution
		HideSolutionNode = FALSE
	EndGlobalSection
	GlobalSection(ExtensibilityGlobals) = postSolution
		SolutionGuid = {13CB4F2C-41BB-4888-81AE-72F13C78494D}
	EndGlobalSection
EndGlobal
